{
  "version": 4,
  "terraform_version": "1.8.1",
  "serial": 63,
  "lineage": "3d22c635-8e11-5834-982d-d20096b657ea",
  "outputs": {
    "private_key_pem": {
      "value": "-----BEGIN RSA PRIVATE KEY-----\nMIIEowIBAAKCAQEA2N3lsfedwI2c36xrK2lbQYg2fUsbDFOhM9zaRURv333uY9sk\nW1vFIi8818HKtO5L7h6QMa+p1vBvA900u9ENNDe2gc8d9vucvs9ZVyGdj2aCACoa\nyU/QVKCJbC5EuyeB9wIoVws27UjP5itE7KjhOcZzlySxHEl1InRGlCgnVdsLIFAz\nTr5+0EG0DO/16DyQtMiwrJHwHooGYWSyOsAuA9Qq4Mr3/w9hGJGuZiygS2znT/Qb\nyMdHmY/wc2Jtn2GEfuSecyBgtABLJzlZX5X/DmQ9smCN44A6qaYkcJoQAJcSil2Z\nFLH3e4j6p7oL67Xr86H6lvdGgzBxT8X1LH4i5QIDAQABAoIBAHGsXina0SWNFR1p\nEwO+Rccjzuv94j+j1muI6CBGrx1GtR5CT9xTThGNESdGvSn5fnNiMdLZcPzpKkes\nO2f3PCSSz2dbWSmM2axqozm4tQ3lfV74svGylFDHlUDPP9eZ7dW7m8mEZ1YZRGAx\nbf9exi+yhgRDh1J8bpmQuS4Png6xuykCWCeJ+5i2LZh4FBQ3tf2rftDbFsloay9P\nF6UQWTsW6W7HCMRvOT08W12W3K8Q0PuTrTm1VNPde4ANMKzP7rczIfQsopVp6gOG\nZKc1mVH6D3hAzsRYVXBFJQm3NotgVM0gD5mxfgh0nNZbY+13rXQDzQvdgLJhMXV8\nB89JCEECgYEA6B2hBIDqPIklLyrj0qrU8DwKg32evL/a6HgTPD0SuhmDHLS0dO2A\nuDOpMaCWhU326r+GQU6OwR+HXXi1429xo5CsJSPacrRx1zDP7vYFEQTaFdzziBPO\n6iXdhpeREgLr/8jAG29CikSzuSihaSLwAn7C0kBqE+Qe8nN1VRGE8icCgYEA7y6U\n8TRbNfnz0AMIlheE4gLtLoWuGyGkHOZhRHoZu18qvzIL1/+cvze8TlCZXhNrQUVl\nFWZKEF1HxiZeb0jaVIlVQsOofNPxL002cN512/nlALT916DmLrTzBm0ng8EqDvWv\nZo+bXf8/0EJ2hG6pz2A8CNy7mzE83nAvvIS6xhMCgYAoIMcvgiH8qTEWgHG2f/Yk\nOh0PMm547yonOmsI5P4R0ktKcSspc83nCndbrwmWri3b05SgQbaISK0cSbwYP7ID\ntwUrvpELd4qeyz+Hblzd3lrdoL8xbUs+S6GKnTVlScAHDmu30npMcSgpAI83H+Ui\naUvBEYXFPpDjFXbZaBf1zQKBgGUGFtDeXVwqC+ojLeA/ZNgVhlqtCgHZrriqMhE7\nRV0X8DU7jTcZdvppLzcg4faTWy0Bg5WLU+Mfky5FjIOSkO096G4/uA2pc2iYQ1Nf\nEwbrwOcQi1slUbQOp8tiFVuYHgydhw1ZwLTuF+T9/ZMoLr8xlYnkubTuEhid5/vH\nUCBTAoGBAOefDG0ALIjkS0lV7yS9UldmyugLZEgsGBzQ0TEDNETjOPx++I7lq67I\n8hWHkgD8bXpHr8KIFMqytGFBZqSYwRvBjyTxm+Vv5MpDu3lyiO1tvIw8YkBln8Z9\nIeR6EhUBZYw9tFcpLBrA2sbmmt5t2YcBpArRYTSevExdWfKqKrLd\n-----END RSA PRIVATE KEY-----\n",
      "type": "string",
      "sensitive": true
    },
    "public_key_openssh": {
      "value": "ssh-rsa AAAAB3NzaC1yc2EAAAADAQABAAABAQDY3eWx953AjZzfrGsraVtBiDZ9SxsMU6Ez3NpFRG/ffe5j2yRbW8UiLzzXwcq07kvuHpAxr6nW8G8D3TS70Q00N7aBzx32+5y+z1lXIZ2PZoIAKhrJT9BUoIlsLkS7J4H3AihXCzbtSM/mK0TsqOE5xnOXJLEcSXUidEaUKCdV2wsgUDNOvn7QQbQM7/XoPJC0yLCskfAeigZhZLI6wC4D1Crgyvf/D2EYka5mLKBLbOdP9BvIx0eZj/BzYm2fYYR+5J5zIGC0AEsnOVlflf8OZD2yYI3jgDqppiRwmhAAlxKKXZkUsfd7iPqnugvrtevzofqW90aDMHFPxfUsfiLl\n",
      "type": "string"
    },
    "resource_group_name": {
      "value": "ADDA84-CTP",
      "type": "string"
    }
  },
  "resources": [
    {
      "mode": "data",
      "type": "azurerm_resource_group",
      "name": "example",
      "provider": "provider[\"registry.terraform.io/hashicorp/azurerm\"]",
      "instances": [
        {
          "schema_version": 0,
          "attributes": {
            "id": "/subscriptions/765266c6-9a23-4638-af32-dd1e32613047/resourceGroups/ADDA84-CTP",
            "location": "francecentral",
            "name": "ADDA84-CTP",
            "tags": {
              "cours": "ADDA84",
              "date-debut": "25/05/2023",
              "date-fin": "27/07/2023",
              "owner": "vincent.domingues"
            },
            "timeouts": null
          },
          "sensitive_attributes": []
        }
      ]
    },
    {
      "mode": "data",
      "type": "azurerm_subnet",
      "name": "example",
      "provider": "provider[\"registry.terraform.io/hashicorp/azurerm\"]",
      "instances": [
        {
          "schema_version": 0,
          "attributes": {
            "address_prefix": "10.3.1.0/24",
            "address_prefixes": [
              "10.3.1.0/24"
            ],
            "enforce_private_link_endpoint_network_policies": false,
            "enforce_private_link_service_network_policies": false,
            "id": "/subscriptions/765266c6-9a23-4638-af32-dd1e32613047/resourceGroups/ADDA84-CTP/providers/Microsoft.Network/virtualNetworks/network-tp4/subnets/internal",
            "name": "internal",
            "network_security_group_id": "",
            "resource_group_name": "ADDA84-CTP",
            "route_table_id": "",
            "service_endpoints": [],
            "timeouts": null,
            "virtual_network_name": "network-tp4"
          },
          "sensitive_attributes": []
        }
      ]
    },
    {
      "mode": "data",
      "type": "azurerm_virtual_network",
      "name": "example",
      "provider": "provider[\"registry.terraform.io/hashicorp/azurerm\"]",
      "instances": [
        {
          "schema_version": 0,
          "attributes": {
            "address_space": [
              "10.3.0.0/16"
            ],
            "dns_servers": [],
            "guid": "115ae1ba-2382-40c6-a188-18d5a3a482cd",
            "id": "/subscriptions/765266c6-9a23-4638-af32-dd1e32613047/resourceGroups/ADDA84-CTP/providers/Microsoft.Network/virtualNetworks/network-tp4",
            "location": "francecentral",
            "name": "network-tp4",
            "resource_group_name": "ADDA84-CTP",
            "subnets": [
              "internal"
            ],
            "tags": {},
            "timeouts": null,
            "vnet_peerings": {}
          },
          "sensitive_attributes": []
        }
      ]
    },
    {
      "mode": "managed",
      "type": "azurerm_linux_virtual_machine",
      "name": "example",
      "provider": "provider[\"registry.terraform.io/hashicorp/azurerm\"]",
      "instances": [
        {
          "schema_version": 0,
          "attributes": {
            "additional_capabilities": [],
            "admin_password": null,
            "admin_ssh_key": [
              {
                "public_key": "ssh-rsa AAAAB3NzaC1yc2EAAAADAQABAAABAQDY3eWx953AjZzfrGsraVtBiDZ9SxsMU6Ez3NpFRG/ffe5j2yRbW8UiLzzXwcq07kvuHpAxr6nW8G8D3TS70Q00N7aBzx32+5y+z1lXIZ2PZoIAKhrJT9BUoIlsLkS7J4H3AihXCzbtSM/mK0TsqOE5xnOXJLEcSXUidEaUKCdV2wsgUDNOvn7QQbQM7/XoPJC0yLCskfAeigZhZLI6wC4D1Crgyvf/D2EYka5mLKBLbOdP9BvIx0eZj/BzYm2fYYR+5J5zIGC0AEsnOVlflf8OZD2yYI3jgDqppiRwmhAAlxKKXZkUsfd7iPqnugvrtevzofqW90aDMHFPxfUsfiLl\n",
                "username": "devops"
              }
            ],
            "admin_username": "devops",
            "allow_extension_operations": true,
            "availability_set_id": "",
            "boot_diagnostics": [],
            "computer_name": "20230051",
            "custom_data": null,
            "dedicated_host_group_id": "",
            "dedicated_host_id": "",
            "disable_password_authentication": true,
            "encryption_at_host_enabled": false,
            "eviction_policy": "",
            "extensions_time_budget": "PT1H30M",
            "id": "/subscriptions/765266c6-9a23-4638-af32-dd1e32613047/resourceGroups/ADDA84-CTP/providers/Microsoft.Compute/virtualMachines/devops-20230051",
            "identity": [],
            "license_type": "",
            "location": "francecentral",
            "max_bid_price": -1,
            "name": "devops-20230051",
            "network_interface_ids": [
              "/subscriptions/765266c6-9a23-4638-af32-dd1e32613047/resourceGroups/ADDA84-CTP/providers/Microsoft.Network/networkInterfaces/nic-20230051"
            ],
            "os_disk": [
              {
                "caching": "ReadWrite",
                "diff_disk_settings": [],
                "disk_encryption_set_id": "",
                "disk_size_gb": 30,
                "name": "myOsDisk",
                "storage_account_type": "Premium_LRS",
                "write_accelerator_enabled": false
              }
            ],
            "patch_mode": "ImageDefault",
            "plan": [],
            "platform_fault_domain": -1,
            "priority": "Regular",
            "private_ip_address": "10.3.1.19",
            "private_ip_addresses": [
              "10.3.1.19"
            ],
            "provision_vm_agent": true,
            "proximity_placement_group_id": "",
            "public_ip_address": "",
            "public_ip_addresses": [],
            "resource_group_name": "ADDA84-CTP",
            "secret": [],
            "secure_boot_enabled": false,
            "size": "Standard_D2s_v3",
            "source_image_id": "",
            "source_image_reference": [
              {
                "offer": "0001-com-ubuntu-server-jammy",
                "publisher": "Canonical",
                "sku": "22_04-lts-gen2",
                "version": "latest"
              }
            ],
            "tags": {},
            "timeouts": null,
            "user_data": "",
            "virtual_machine_id": "3938cce8-2369-4737-8a4b-8fe192ce97f4",
            "virtual_machine_scale_set_id": "",
            "vtpm_enabled": false,
            "zone": ""
          },
          "sensitive_attributes": [
            [
              {
                "type": "get_attr",
                "value": "admin_password"
              }
            ],
            [
              {
                "type": "get_attr",
                "value": "custom_data"
              }
            ]
          ],
          "private": "eyJlMmJmYjczMC1lY2FhLTExZTYtOGY4OC0zNDM2M2JjN2M0YzAiOnsiY3JlYXRlIjoyNzAwMDAwMDAwMDAwLCJkZWxldGUiOjI3MDAwMDAwMDAwMDAsInJlYWQiOjMwMDAwMDAwMDAwMCwidXBkYXRlIjoyNzAwMDAwMDAwMDAwfX0=",
          "dependencies": [
            "azurerm_network_interface.example",
            "data.azurerm_resource_group.example",
            "data.azurerm_subnet.example",
            "data.azurerm_virtual_network.example",
            "tls_private_key.tls_key"
          ]
        }
      ]
    },
    {
      "mode": "managed",
      "type": "azurerm_network_interface",
      "name": "example",
      "provider": "provider[\"registry.terraform.io/hashicorp/azurerm\"]",
      "instances": [
        {
          "schema_version": 0,
          "attributes": {
            "applied_dns_servers": [],
            "dns_servers": [],
            "enable_accelerated_networking": false,
            "enable_ip_forwarding": false,
            "id": "/subscriptions/765266c6-9a23-4638-af32-dd1e32613047/resourceGroups/ADDA84-CTP/providers/Microsoft.Network/networkInterfaces/nic-20230051",
            "internal_dns_name_label": "",
            "internal_domain_name_suffix": "xlqvuemcepdebimiddk0hjeczf.parx.internal.cloudapp.net",
            "ip_configuration": [
              {
                "gateway_load_balancer_frontend_ip_configuration_id": "",
                "name": "internal",
                "primary": true,
                "private_ip_address": "10.3.1.19",
                "private_ip_address_allocation": "Dynamic",
                "private_ip_address_version": "IPv4",
                "public_ip_address_id": "",
                "subnet_id": "/subscriptions/765266c6-9a23-4638-af32-dd1e32613047/resourceGroups/ADDA84-CTP/providers/Microsoft.Network/virtualNetworks/network-tp4/subnets/internal"
              }
            ],
            "location": "francecentral",
            "mac_address": "00-22-48-38-84-C7",
            "name": "nic-20230051",
            "private_ip_address": "10.3.1.19",
            "private_ip_addresses": [
              "10.3.1.19"
            ],
            "resource_group_name": "ADDA84-CTP",
            "tags": {},
            "timeouts": null,
            "virtual_machine_id": "/subscriptions/765266c6-9a23-4638-af32-dd1e32613047/resourceGroups/ADDA84-CTP/providers/Microsoft.Compute/virtualMachines/devops-20230051"
          },
          "sensitive_attributes": [],
          "private": "eyJlMmJmYjczMC1lY2FhLTExZTYtOGY4OC0zNDM2M2JjN2M0YzAiOnsiY3JlYXRlIjoxODAwMDAwMDAwMDAwLCJkZWxldGUiOjE4MDAwMDAwMDAwMDAsInJlYWQiOjMwMDAwMDAwMDAwMCwidXBkYXRlIjoxODAwMDAwMDAwMDAwfX0=",
          "dependencies": [
            "data.azurerm_resource_group.example",
            "data.azurerm_subnet.example",
            "data.azurerm_virtual_network.example"
          ]
        }
      ]
    },
    {
      "mode": "managed",
      "type": "local_file",
      "name": "private_key_file",
      "provider": "provider[\"registry.terraform.io/hashicorp/local\"]",
      "instances": [
        {
          "schema_version": 0,
          "attributes": {
            "content": "-----BEGIN RSA PRIVATE KEY-----\nMIIEowIBAAKCAQEA2N3lsfedwI2c36xrK2lbQYg2fUsbDFOhM9zaRURv333uY9sk\nW1vFIi8818HKtO5L7h6QMa+p1vBvA900u9ENNDe2gc8d9vucvs9ZVyGdj2aCACoa\nyU/QVKCJbC5EuyeB9wIoVws27UjP5itE7KjhOcZzlySxHEl1InRGlCgnVdsLIFAz\nTr5+0EG0DO/16DyQtMiwrJHwHooGYWSyOsAuA9Qq4Mr3/w9hGJGuZiygS2znT/Qb\nyMdHmY/wc2Jtn2GEfuSecyBgtABLJzlZX5X/DmQ9smCN44A6qaYkcJoQAJcSil2Z\nFLH3e4j6p7oL67Xr86H6lvdGgzBxT8X1LH4i5QIDAQABAoIBAHGsXina0SWNFR1p\nEwO+Rccjzuv94j+j1muI6CBGrx1GtR5CT9xTThGNESdGvSn5fnNiMdLZcPzpKkes\nO2f3PCSSz2dbWSmM2axqozm4tQ3lfV74svGylFDHlUDPP9eZ7dW7m8mEZ1YZRGAx\nbf9exi+yhgRDh1J8bpmQuS4Png6xuykCWCeJ+5i2LZh4FBQ3tf2rftDbFsloay9P\nF6UQWTsW6W7HCMRvOT08W12W3K8Q0PuTrTm1VNPde4ANMKzP7rczIfQsopVp6gOG\nZKc1mVH6D3hAzsRYVXBFJQm3NotgVM0gD5mxfgh0nNZbY+13rXQDzQvdgLJhMXV8\nB89JCEECgYEA6B2hBIDqPIklLyrj0qrU8DwKg32evL/a6HgTPD0SuhmDHLS0dO2A\nuDOpMaCWhU326r+GQU6OwR+HXXi1429xo5CsJSPacrRx1zDP7vYFEQTaFdzziBPO\n6iXdhpeREgLr/8jAG29CikSzuSihaSLwAn7C0kBqE+Qe8nN1VRGE8icCgYEA7y6U\n8TRbNfnz0AMIlheE4gLtLoWuGyGkHOZhRHoZu18qvzIL1/+cvze8TlCZXhNrQUVl\nFWZKEF1HxiZeb0jaVIlVQsOofNPxL002cN512/nlALT916DmLrTzBm0ng8EqDvWv\nZo+bXf8/0EJ2hG6pz2A8CNy7mzE83nAvvIS6xhMCgYAoIMcvgiH8qTEWgHG2f/Yk\nOh0PMm547yonOmsI5P4R0ktKcSspc83nCndbrwmWri3b05SgQbaISK0cSbwYP7ID\ntwUrvpELd4qeyz+Hblzd3lrdoL8xbUs+S6GKnTVlScAHDmu30npMcSgpAI83H+Ui\naUvBEYXFPpDjFXbZaBf1zQKBgGUGFtDeXVwqC+ojLeA/ZNgVhlqtCgHZrriqMhE7\nRV0X8DU7jTcZdvppLzcg4faTWy0Bg5WLU+Mfky5FjIOSkO096G4/uA2pc2iYQ1Nf\nEwbrwOcQi1slUbQOp8tiFVuYHgydhw1ZwLTuF+T9/ZMoLr8xlYnkubTuEhid5/vH\nUCBTAoGBAOefDG0ALIjkS0lV7yS9UldmyugLZEgsGBzQ0TEDNETjOPx++I7lq67I\n8hWHkgD8bXpHr8KIFMqytGFBZqSYwRvBjyTxm+Vv5MpDu3lyiO1tvIw8YkBln8Z9\nIeR6EhUBZYw9tFcpLBrA2sbmmt5t2YcBpArRYTSevExdWfKqKrLd\n-----END RSA PRIVATE KEY-----\n",
            "content_base64": null,
            "content_base64sha256": "FdcmRDpsxGf12Tr1LsbbiZstW87bBNKo6XoiXXbsP2c=",
            "content_base64sha512": "TII6ubOSFcu4OtrAYrIVy7oaG7vT/RNpEnRCp/MiYDT+O31IObJ0fMQ8w6y+u6MVzDfr0cP3G5w7VoVOn6ZEPA==",
            "content_md5": "fbbe86174a59115f02e017c77fa61b03",
            "content_sha1": "4fc2109850641a31a90a77ee9ea8417028e5d0eb",
            "content_sha256": "15d726443a6cc467f5d93af52ec6db899b2d5bcedb04d2a8e97a225d76ec3f67",
            "content_sha512": "4c823ab9b39215cbb83adac062b215cbba1a1bbbd3fd1369127442a7f3226034fe3b7d4839b2747cc43cc3acbebba315cc37ebd1c3f71b9c3b56854e9fa6443c",
            "directory_permission": "0777",
            "file_permission": "0777",
            "filename": "C:/Users/kamde/.ssh/id_rsa",
            "id": "4fc2109850641a31a90a77ee9ea8417028e5d0eb",
            "sensitive_content": null,
            "source": null
          },
          "sensitive_attributes": [
            [
              {
                "type": "get_attr",
                "value": "sensitive_content"
              }
            ],
            [
              {
                "type": "get_attr",
                "value": "content"
              }
            ]
          ],
          "dependencies": [
            "tls_private_key.tls_key"
          ]
        }
      ]
    },
    {
      "mode": "managed",
      "type": "local_file",
      "name": "public_key_file",
      "provider": "provider[\"registry.terraform.io/hashicorp/local\"]",
      "instances": [
        {
          "schema_version": 0,
          "attributes": {
            "content": "ssh-rsa AAAAB3NzaC1yc2EAAAADAQABAAABAQDY3eWx953AjZzfrGsraVtBiDZ9SxsMU6Ez3NpFRG/ffe5j2yRbW8UiLzzXwcq07kvuHpAxr6nW8G8D3TS70Q00N7aBzx32+5y+z1lXIZ2PZoIAKhrJT9BUoIlsLkS7J4H3AihXCzbtSM/mK0TsqOE5xnOXJLEcSXUidEaUKCdV2wsgUDNOvn7QQbQM7/XoPJC0yLCskfAeigZhZLI6wC4D1Crgyvf/D2EYka5mLKBLbOdP9BvIx0eZj/BzYm2fYYR+5J5zIGC0AEsnOVlflf8OZD2yYI3jgDqppiRwmhAAlxKKXZkUsfd7iPqnugvrtevzofqW90aDMHFPxfUsfiLl\n",
            "content_base64": null,
            "content_base64sha256": "lRNOok3PMoVUyuXo1TxjWfKPtCGgqx5fu0DkpPctBvM=",
            "content_base64sha512": "56N1uwPWp2aG6PexZ0gMb2sJR5UTmJWRq58c5jsmFPUrSwvsPvG6QEfMX/XpIkP6THXwLErHFcyqhbaQR345Kw==",
            "content_md5": "ca0854876754e06936a04ee91d57567b",
            "content_sha1": "55c06a05775abc281fd311afc1856c280d7c3212",
            "content_sha256": "95134ea24dcf328554cae5e8d53c6359f28fb421a0ab1e5fbb40e4a4f72d06f3",
            "content_sha512": "e7a375bb03d6a76686e8f7b167480c6f6b09479513989591ab9f1ce63b2614f52b4b0bec3ef1ba4047cc5ff5e92243fa4c75f02c4ac715ccaa85b690477e392b",
            "directory_permission": "0777",
            "file_permission": "0777",
            "filename": "C:/Users/kamde/.ssh/id_rsa.pub",
            "id": "55c06a05775abc281fd311afc1856c280d7c3212",
            "sensitive_content": null,
            "source": null
          },
          "sensitive_attributes": [
            [
              {
                "type": "get_attr",
                "value": "sensitive_content"
              }
            ]
          ],
          "dependencies": [
            "tls_private_key.tls_key"
          ]
        }
      ]
    },
    {
      "mode": "managed",
      "type": "tls_private_key",
      "name": "tls_key",
      "provider": "provider[\"registry.terraform.io/hashicorp/tls\"]",
      "instances": [
        {
          "schema_version": 1,
          "attributes": {
            "algorithm": "RSA",
            "ecdsa_curve": "P224",
            "id": "53f5f1ace90b0b4155ef019ca8842671ea4ca647",
            "private_key_openssh": "-----BEGIN OPENSSH PRIVATE KEY-----\nb3BlbnNzaC1rZXktdjEAAAAABG5vbmUAAAAEbm9uZQAAAAAAAAABAAABFwAAAAdz\nc2gtcnNhAAAAAwEAAQAAAQEA2N3lsfedwI2c36xrK2lbQYg2fUsbDFOhM9zaRURv\n333uY9skW1vFIi8818HKtO5L7h6QMa+p1vBvA900u9ENNDe2gc8d9vucvs9ZVyGd\nj2aCACoayU/QVKCJbC5EuyeB9wIoVws27UjP5itE7KjhOcZzlySxHEl1InRGlCgn\nVdsLIFAzTr5+0EG0DO/16DyQtMiwrJHwHooGYWSyOsAuA9Qq4Mr3/w9hGJGuZiyg\nS2znT/QbyMdHmY/wc2Jtn2GEfuSecyBgtABLJzlZX5X/DmQ9smCN44A6qaYkcJoQ\nAJcSil2ZFLH3e4j6p7oL67Xr86H6lvdGgzBxT8X1LH4i5QAAA7iEDk9OhA5PTgAA\nAAdzc2gtcnNhAAABAQDY3eWx953AjZzfrGsraVtBiDZ9SxsMU6Ez3NpFRG/ffe5j\n2yRbW8UiLzzXwcq07kvuHpAxr6nW8G8D3TS70Q00N7aBzx32+5y+z1lXIZ2PZoIA\nKhrJT9BUoIlsLkS7J4H3AihXCzbtSM/mK0TsqOE5xnOXJLEcSXUidEaUKCdV2wsg\nUDNOvn7QQbQM7/XoPJC0yLCskfAeigZhZLI6wC4D1Crgyvf/D2EYka5mLKBLbOdP\n9BvIx0eZj/BzYm2fYYR+5J5zIGC0AEsnOVlflf8OZD2yYI3jgDqppiRwmhAAlxKK\nXZkUsfd7iPqnugvrtevzofqW90aDMHFPxfUsfiLlAAAAAwEAAQAAAQBxrF4p2tEl\njRUdaRMDvkXHI87r/eI/o9ZriOggRq8dRrUeQk/cU04RjREnRr0p+X5zYjHS2XD8\n6SpHrDtn9zwkks9nW1kpjNmsaqM5uLUN5X1e+LLxspRQx5VAzz/Xme3Vu5vJhGdW\nGURgMW3/XsYvsoYEQ4dSfG6ZkLkuD54OsbspAlgnifuYti2YeBQUN7X9q37Q2xbJ\naGsvTxelEFk7FuluxwjEbzk9PFtdltyvEND7k605tVTT3XuADTCsz+63MyH0LKKV\naeoDhmSnNZlR+g94QM7EWFVwRSUJtzaLYFTNIA+ZsX4IdJzWW2Ptd610A80L3YCy\nYTF1fAfPSQhBAAAAgQDnnwxtACyI5EtJVe8kvVJXZsroC2RILBgc0NExAzRE4zj8\nfviO5auuyPIVh5IA/G16R6/CiBTKsrRhQWakmMEbwY8k8Zvlb+TKQ7t5cojtbbyM\nPGJAZZ/GfSHkehIVAWWMPbRXKSwawNrG5prebdmHAaQK0WE0nrxMXVnyqiqy3QAA\nAIEA6B2hBIDqPIklLyrj0qrU8DwKg32evL/a6HgTPD0SuhmDHLS0dO2AuDOpMaCW\nhU326r+GQU6OwR+HXXi1429xo5CsJSPacrRx1zDP7vYFEQTaFdzziBPO6iXdhpeR\nEgLr/8jAG29CikSzuSihaSLwAn7C0kBqE+Qe8nN1VRGE8icAAACBAO8ulPE0WzX5\n89ADCJYXhOIC7S6FrhshpBzmYUR6GbtfKr8yC9f/nL83vE5QmV4Ta0FFZRVmShBd\nR8YmXm9I2lSJVULDqHzT8S9NNnDeddv55QC0/deg5i608wZtJ4PBKg71r2aPm13/\nP9BCdoRuqc9gPAjcu5sxPN5wL7yEusYTAAAAAAEC\n-----END OPENSSH PRIVATE KEY-----\n",
            "private_key_pem": "-----BEGIN RSA PRIVATE KEY-----\nMIIEowIBAAKCAQEA2N3lsfedwI2c36xrK2lbQYg2fUsbDFOhM9zaRURv333uY9sk\nW1vFIi8818HKtO5L7h6QMa+p1vBvA900u9ENNDe2gc8d9vucvs9ZVyGdj2aCACoa\nyU/QVKCJbC5EuyeB9wIoVws27UjP5itE7KjhOcZzlySxHEl1InRGlCgnVdsLIFAz\nTr5+0EG0DO/16DyQtMiwrJHwHooGYWSyOsAuA9Qq4Mr3/w9hGJGuZiygS2znT/Qb\nyMdHmY/wc2Jtn2GEfuSecyBgtABLJzlZX5X/DmQ9smCN44A6qaYkcJoQAJcSil2Z\nFLH3e4j6p7oL67Xr86H6lvdGgzBxT8X1LH4i5QIDAQABAoIBAHGsXina0SWNFR1p\nEwO+Rccjzuv94j+j1muI6CBGrx1GtR5CT9xTThGNESdGvSn5fnNiMdLZcPzpKkes\nO2f3PCSSz2dbWSmM2axqozm4tQ3lfV74svGylFDHlUDPP9eZ7dW7m8mEZ1YZRGAx\nbf9exi+yhgRDh1J8bpmQuS4Png6xuykCWCeJ+5i2LZh4FBQ3tf2rftDbFsloay9P\nF6UQWTsW6W7HCMRvOT08W12W3K8Q0PuTrTm1VNPde4ANMKzP7rczIfQsopVp6gOG\nZKc1mVH6D3hAzsRYVXBFJQm3NotgVM0gD5mxfgh0nNZbY+13rXQDzQvdgLJhMXV8\nB89JCEECgYEA6B2hBIDqPIklLyrj0qrU8DwKg32evL/a6HgTPD0SuhmDHLS0dO2A\nuDOpMaCWhU326r+GQU6OwR+HXXi1429xo5CsJSPacrRx1zDP7vYFEQTaFdzziBPO\n6iXdhpeREgLr/8jAG29CikSzuSihaSLwAn7C0kBqE+Qe8nN1VRGE8icCgYEA7y6U\n8TRbNfnz0AMIlheE4gLtLoWuGyGkHOZhRHoZu18qvzIL1/+cvze8TlCZXhNrQUVl\nFWZKEF1HxiZeb0jaVIlVQsOofNPxL002cN512/nlALT916DmLrTzBm0ng8EqDvWv\nZo+bXf8/0EJ2hG6pz2A8CNy7mzE83nAvvIS6xhMCgYAoIMcvgiH8qTEWgHG2f/Yk\nOh0PMm547yonOmsI5P4R0ktKcSspc83nCndbrwmWri3b05SgQbaISK0cSbwYP7ID\ntwUrvpELd4qeyz+Hblzd3lrdoL8xbUs+S6GKnTVlScAHDmu30npMcSgpAI83H+Ui\naUvBEYXFPpDjFXbZaBf1zQKBgGUGFtDeXVwqC+ojLeA/ZNgVhlqtCgHZrriqMhE7\nRV0X8DU7jTcZdvppLzcg4faTWy0Bg5WLU+Mfky5FjIOSkO096G4/uA2pc2iYQ1Nf\nEwbrwOcQi1slUbQOp8tiFVuYHgydhw1ZwLTuF+T9/ZMoLr8xlYnkubTuEhid5/vH\nUCBTAoGBAOefDG0ALIjkS0lV7yS9UldmyugLZEgsGBzQ0TEDNETjOPx++I7lq67I\n8hWHkgD8bXpHr8KIFMqytGFBZqSYwRvBjyTxm+Vv5MpDu3lyiO1tvIw8YkBln8Z9\nIeR6EhUBZYw9tFcpLBrA2sbmmt5t2YcBpArRYTSevExdWfKqKrLd\n-----END RSA PRIVATE KEY-----\n",
            "private_key_pem_pkcs8": "-----BEGIN PRIVATE KEY-----\nMIIEvQIBADANBgkqhkiG9w0BAQEFAASCBKcwggSjAgEAAoIBAQDY3eWx953AjZzf\nrGsraVtBiDZ9SxsMU6Ez3NpFRG/ffe5j2yRbW8UiLzzXwcq07kvuHpAxr6nW8G8D\n3TS70Q00N7aBzx32+5y+z1lXIZ2PZoIAKhrJT9BUoIlsLkS7J4H3AihXCzbtSM/m\nK0TsqOE5xnOXJLEcSXUidEaUKCdV2wsgUDNOvn7QQbQM7/XoPJC0yLCskfAeigZh\nZLI6wC4D1Crgyvf/D2EYka5mLKBLbOdP9BvIx0eZj/BzYm2fYYR+5J5zIGC0AEsn\nOVlflf8OZD2yYI3jgDqppiRwmhAAlxKKXZkUsfd7iPqnugvrtevzofqW90aDMHFP\nxfUsfiLlAgMBAAECggEAcaxeKdrRJY0VHWkTA75FxyPO6/3iP6PWa4joIEavHUa1\nHkJP3FNOEY0RJ0a9Kfl+c2Ix0tlw/OkqR6w7Z/c8JJLPZ1tZKYzZrGqjObi1DeV9\nXviy8bKUUMeVQM8/15nt1bubyYRnVhlEYDFt/17GL7KGBEOHUnxumZC5Lg+eDrG7\nKQJYJ4n7mLYtmHgUFDe1/at+0NsWyWhrL08XpRBZOxbpbscIxG85PTxbXZbcrxDQ\n+5OtObVU0917gA0wrM/utzMh9CyilWnqA4ZkpzWZUfoPeEDOxFhVcEUlCbc2i2BU\nzSAPmbF+CHSc1ltj7XetdAPNC92AsmExdXwHz0kIQQKBgQDoHaEEgOo8iSUvKuPS\nqtTwPAqDfZ68v9roeBM8PRK6GYMctLR07YC4M6kxoJaFTfbqv4ZBTo7BH4ddeLXj\nb3GjkKwlI9pytHHXMM/u9gURBNoV3POIE87qJd2Gl5ESAuv/yMAbb0KKRLO5KKFp\nIvACfsLSQGoT5B7yc3VVEYTyJwKBgQDvLpTxNFs1+fPQAwiWF4TiAu0uha4bIaQc\n5mFEehm7Xyq/MgvX/5y/N7xOUJleE2tBRWUVZkoQXUfGJl5vSNpUiVVCw6h80/Ev\nTTZw3nXb+eUAtP3XoOYutPMGbSeDwSoO9a9mj5td/z/QQnaEbqnPYDwI3LubMTze\ncC+8hLrGEwKBgCggxy+CIfypMRaAcbZ/9iQ6HQ8ybnjvKic6awjk/hHSS0pxKylz\nzecKd1uvCZauLdvTlKBBtohIrRxJvBg/sgO3BSu+kQt3ip7LP4duXN3eWt2gvzFt\nSz5LoYqdNWVJwAcOa7fSekxxKCkAjzcf5SJpS8ERhcU+kOMVdtloF/XNAoGAZQYW\n0N5dXCoL6iMt4D9k2BWGWq0KAdmuuKoyETtFXRfwNTuNNxl2+mkvNyDh9pNbLQGD\nlYtT4x+TLkWMg5KQ7T3obj+4DalzaJhDU18TBuvA5xCLWyVRtA6ny2IVW5geDJ2H\nDVnAtO4X5P39kyguvzGVieS5tO4SGJ3n+8dQIFMCgYEA558MbQAsiORLSVXvJL1S\nV2bK6AtkSCwYHNDRMQM0ROM4/H74juWrrsjyFYeSAPxtekevwogUyrK0YUFmpJjB\nG8GPJPGb5W/kykO7eXKI7W28jDxiQGWfxn0h5HoSFQFljD20VyksGsDaxuaa3m3Z\nhwGkCtFhNJ68TF1Z8qoqst0=\n-----END PRIVATE KEY-----\n",
            "public_key_fingerprint_md5": "db:71:4f:7a:ac:ae:1f:37:4f:16:51:fe:5f:e8:94:0b",
            "public_key_fingerprint_sha256": "SHA256:Lu0Rcm5A0u1RjMxVjQ3a0RFCkFWUMHFfHnUHydyc0vA",
            "public_key_openssh": "ssh-rsa AAAAB3NzaC1yc2EAAAADAQABAAABAQDY3eWx953AjZzfrGsraVtBiDZ9SxsMU6Ez3NpFRG/ffe5j2yRbW8UiLzzXwcq07kvuHpAxr6nW8G8D3TS70Q00N7aBzx32+5y+z1lXIZ2PZoIAKhrJT9BUoIlsLkS7J4H3AihXCzbtSM/mK0TsqOE5xnOXJLEcSXUidEaUKCdV2wsgUDNOvn7QQbQM7/XoPJC0yLCskfAeigZhZLI6wC4D1Crgyvf/D2EYka5mLKBLbOdP9BvIx0eZj/BzYm2fYYR+5J5zIGC0AEsnOVlflf8OZD2yYI3jgDqppiRwmhAAlxKKXZkUsfd7iPqnugvrtevzofqW90aDMHFPxfUsfiLl\n",
            "public_key_pem": "-----BEGIN PUBLIC KEY-----\nMIIBIjANBgkqhkiG9w0BAQEFAAOCAQ8AMIIBCgKCAQEA2N3lsfedwI2c36xrK2lb\nQYg2fUsbDFOhM9zaRURv333uY9skW1vFIi8818HKtO5L7h6QMa+p1vBvA900u9EN\nNDe2gc8d9vucvs9ZVyGdj2aCACoayU/QVKCJbC5EuyeB9wIoVws27UjP5itE7Kjh\nOcZzlySxHEl1InRGlCgnVdsLIFAzTr5+0EG0DO/16DyQtMiwrJHwHooGYWSyOsAu\nA9Qq4Mr3/w9hGJGuZiygS2znT/QbyMdHmY/wc2Jtn2GEfuSecyBgtABLJzlZX5X/\nDmQ9smCN44A6qaYkcJoQAJcSil2ZFLH3e4j6p7oL67Xr86H6lvdGgzBxT8X1LH4i\n5QIDAQAB\n-----END PUBLIC KEY-----\n",
            "rsa_bits": 2048
          },
          "sensitive_attributes": [
            [
              {
                "type": "get_attr",
                "value": "private_key_openssh"
              }
            ],
            [
              {
                "type": "get_attr",
                "value": "private_key_pem_pkcs8"
              }
            ],
            [
              {
                "type": "get_attr",
                "value": "private_key_pem"
              }
            ]
          ]
        }
      ]
    }
  ],
  "check_results": null
}
